
Microsoft Visual Studio Solution File, Format Version 12.00
Project("{F2A71F9B-5D33-465A-A702-920D77279786}") = "Playlist", "Playlist\Playlist.fsproj", "{B2EEA679-89CA-4955-8121-65E8525C3A00}"
EndProject
Project("{F2A71F9B-5D33-465A-A702-920D77279786}") = "PlaylistMVU", "PlaylistMVU\PlaylistMVU.fsproj", "{297CF5A8-B9CB-453F-996F-965A7F44BB19}"
EndProject
Project("{F2A71F9B-5D33-465A-A702-920D77279786}") = "FirstStepsTests", "FirstStepsTests\FirstStepsTests.fsproj", "{BA35A81B-D1EF-4802-AEEA-81E4D2403F68}"
EndProject
Global
	GlobalSection(SolutionConfigurationPlatforms) = preSolution
		Debug|Any CPU = Debug|Any CPU
		Release|Any CPU = Release|Any CPU
	EndGlobalSection
	GlobalSection(ProjectConfigurationPlatforms) = postSolution
		{B2EEA679-89CA-4955-8121-65E8525C3A00}.Debug|Any CPU.ActiveCfg = Debug|Any CPU
		{B2EEA679-89CA-4955-8121-65E8525C3A00}.Debug|Any CPU.Build.0 = Debug|Any CPU
		{B2EEA679-89CA-4955-8121-65E8525C3A00}.Release|Any CPU.ActiveCfg = Release|Any CPU
		{B2EEA679-89CA-4955-8121-65E8525C3A00}.Release|Any CPU.Build.0 = Release|Any CPU
		{297CF5A8-B9CB-453F-996F-965A7F44BB19}.Debug|Any CPU.ActiveCfg = Debug|Any CPU
		{297CF5A8-B9CB-453F-996F-965A7F44BB19}.Debug|Any CPU.Build.0 = Debug|Any CPU
		{297CF5A8-B9CB-453F-996F-965A7F44BB19}.Release|Any CPU.ActiveCfg = Release|Any CPU
		{297CF5A8-B9CB-453F-996F-965A7F44BB19}.Release|Any CPU.Build.0 = Release|Any CPU
		{BA35A81B-D1EF-4802-AEEA-81E4D2403F68}.Debug|Any CPU.ActiveCfg = Debug|Any CPU
		{BA35A81B-D1EF-4802-AEEA-81E4D2403F68}.Debug|Any CPU.Build.0 = Debug|Any CPU
		{BA35A81B-D1EF-4802-AEEA-81E4D2403F68}.Release|Any CPU.ActiveCfg = Release|Any CPU
		{BA35A81B-D1EF-4802-AEEA-81E4D2403F68}.Release|Any CPU.Build.0 = Release|Any CPU
	EndGlobalSection
EndGlobal
